
Microsoft Visual Studio Solution File, Format Version 12.00
# Visual Studio Version 17
VisualStudioVersion = 17.9.34622.214
MinimumVisualStudioVersion = 10.0.40219.1
Project("{FAE04EC0-301F-11D3-BF4B-00C04F79EFBC}") = "Rouba-Monte", "Rouba-Monte\Rouba-Monte.csproj", "{812E68CA-0868-4B83-960B-A25C0B52C39B}"
EndProject
Global
	GlobalSection(SolutionConfigurationPlatforms) = preSolution
		Debug|Any CPU = Debug|Any CPU
		Release|Any CPU = Release|Any CPU
	EndGlobalSection
	GlobalSection(ProjectConfigurationPlatforms) = postSolution
		{812E68CA-0868-4B83-960B-A25C0B52C39B}.Debug|Any CPU.ActiveCfg = Debug|Any CPU
		{812E68CA-0868-4B83-960B-A25C0B52C39B}.Debug|Any CPU.Build.0 = Debug|Any CPU
		{812E68CA-0868-4B83-960B-A25C0B52C39B}.Release|Any CPU.ActiveCfg = Release|Any CPU
		{812E68CA-0868-4B83-960B-A25C0B52C39B}.Release|Any CPU.Build.0 = Release|Any CPU
	EndGlobalSection
	GlobalSection(SolutionProperties) = preSolution
		HideSolutionNode = FALSE
	EndGlobalSection
	GlobalSection(ExtensibilityGlobals) = postSolution
		SolutionGuid = {33283B68-08D6-4BFD-B561-9A295F7DCFD9}
	EndGlobalSection
EndGlobal
